
Microsoft Visual Studio Solution File, Format Version 12.00
# Visual Studio Version 17
VisualStudioVersion = 17.11.35327.3
MinimumVisualStudioVersion = 10.0.40219.1
Project("{FAE04EC0-301F-11D3-BF4B-00C04F79EFBC}") = "InventarioDeJogos", "InventarioDeJogos\InventarioDeJogos.csproj", "{7F2D0ACE-35E8-42C7-8210-6DC04ECC283E}"
EndProject
Global
	GlobalSection(SolutionConfigurationPlatforms) = preSolution
		Debug|Any CPU = Debug|Any CPU
		Release|Any CPU = Release|Any CPU
	EndGlobalSection
	GlobalSection(ProjectConfigurationPlatforms) = postSolution
		{7F2D0ACE-35E8-42C7-8210-6DC04ECC283E}.Debug|Any CPU.ActiveCfg = Debug|Any CPU
		{7F2D0ACE-35E8-42C7-8210-6DC04ECC283E}.Debug|Any CPU.Build.0 = Debug|Any CPU
		{7F2D0ACE-35E8-42C7-8210-6DC04ECC283E}.Release|Any CPU.ActiveCfg = Release|Any CPU
		{7F2D0ACE-35E8-42C7-8210-6DC04ECC283E}.Release|Any CPU.Build.0 = Release|Any CPU
	EndGlobalSection
	GlobalSection(SolutionProperties) = preSolution
		HideSolutionNode = FALSE
	EndGlobalSection
	GlobalSection(ExtensibilityGlobals) = postSolution
		SolutionGuid = {716FA791-4E05-4AA5-B4F6-825782B11C87}
	EndGlobalSection
EndGlobal
